
Microsoft Visual Studio Solution File, Format Version 12.00
# Visual Studio 15
VisualStudioVersion = 15.0.27004.2002
MinimumVisualStudioVersion = 10.0.40219.1
Project("{FAE04EC0-301F-11D3-BF4B-00C04F79EFBC}") = "ESISharp", "ESISharp\ESISharp.csproj", "{83C7ADD4-F276-4A38-A3A5-3E6640B2C28C}"
EndProject
Project("{FAE04EC0-301F-11D3-BF4B-00C04F79EFBC}") = "EveSSOAuthRouter", "EveSSOAuthRouter\EveSSOAuthRouter.csproj", "{8810FCDF-CD7D-449D-B474-71312095C2F3}"
EndProject
Project("{FAE04EC0-301F-11D3-BF4B-00C04F79EFBC}") = "Test.ESISharp", "Test.ESISharp\Test.ESISharp.csproj", "{638585EE-AE5C-4108-9C26-8866AF282F8E}"
EndProject
Global
	GlobalSection(SolutionConfigurationPlatforms) = preSolution
		Debug|Any CPU = Debug|Any CPU
		Release|Any CPU = Release|Any CPU
	EndGlobalSection
	GlobalSection(ProjectConfigurationPlatforms) = postSolution
		{83C7ADD4-F276-4A38-A3A5-3E6640B2C28C}.Debug|Any CPU.ActiveCfg = Debug|Any CPU
		{83C7ADD4-F276-4A38-A3A5-3E6640B2C28C}.Debug|Any CPU.Build.0 = Debug|Any CPU
		{83C7ADD4-F276-4A38-A3A5-3E6640B2C28C}.Release|Any CPU.ActiveCfg = Release|Any CPU
		{83C7ADD4-F276-4A38-A3A5-3E6640B2C28C}.Release|Any CPU.Build.0 = Release|Any CPU
		{8810FCDF-CD7D-449D-B474-71312095C2F3}.Debug|Any CPU.ActiveCfg = Debug|Any CPU
		{8810FCDF-CD7D-449D-B474-71312095C2F3}.Debug|Any CPU.Build.0 = Debug|Any CPU
		{8810FCDF-CD7D-449D-B474-71312095C2F3}.Release|Any CPU.ActiveCfg = Release|Any CPU
		{8810FCDF-CD7D-449D-B474-71312095C2F3}.Release|Any CPU.Build.0 = Release|Any CPU
		{638585EE-AE5C-4108-9C26-8866AF282F8E}.Debug|Any CPU.ActiveCfg = Debug|Any CPU
		{638585EE-AE5C-4108-9C26-8866AF282F8E}.Debug|Any CPU.Build.0 = Debug|Any CPU
		{638585EE-AE5C-4108-9C26-8866AF282F8E}.Release|Any CPU.ActiveCfg = Release|Any CPU
		{638585EE-AE5C-4108-9C26-8866AF282F8E}.Release|Any CPU.Build.0 = Release|Any CPU
	EndGlobalSection
	GlobalSection(SolutionProperties) = preSolution
		HideSolutionNode = FALSE
	EndGlobalSection
	GlobalSection(ExtensibilityGlobals) = postSolution
		SolutionGuid = {AF4B077F-1E69-49B6-9BBF-85C1FDAFF77B}
	EndGlobalSection
EndGlobal
