
Microsoft Visual Studio Solution File, Format Version 12.00
# Visual Studio 15
VisualStudioVersion = 15.0.27130.2003
MinimumVisualStudioVersion = 10.0.40219.1
Project("{FAE04EC0-301F-11D3-BF4B-00C04F79EFBC}") = "ESISharp", "ESISharp\ESISharp.csproj", "{83C7ADD4-F276-4A38-A3A5-3E6640B2C28C}"
EndProject
Project("{FAE04EC0-301F-11D3-BF4B-00C04F79EFBC}") = "ESISharp.Test", "ESISharp.Test\ESISharp.Test.csproj", "{43375715-A607-4760-83F4-9BE3685E8852}"
EndProject
Project("{FAE04EC0-301F-11D3-BF4B-00C04F79EFBC}") = "ESISharp.AuthRelay", "ESISharp.AuthRelay\ESISharp.AuthRelay.csproj", "{67ACFBBE-CE2C-4B4C-BD60-AA392DA7CBA5}"
EndProject
Global
	GlobalSection(SolutionConfigurationPlatforms) = preSolution
		Debug|Any CPU = Debug|Any CPU
		Release|Any CPU = Release|Any CPU
	EndGlobalSection
	GlobalSection(ProjectConfigurationPlatforms) = postSolution
		{83C7ADD4-F276-4A38-A3A5-3E6640B2C28C}.Debug|Any CPU.ActiveCfg = Debug|Any CPU
		{83C7ADD4-F276-4A38-A3A5-3E6640B2C28C}.Debug|Any CPU.Build.0 = Debug|Any CPU
		{83C7ADD4-F276-4A38-A3A5-3E6640B2C28C}.Release|Any CPU.ActiveCfg = Release|Any CPU
		{83C7ADD4-F276-4A38-A3A5-3E6640B2C28C}.Release|Any CPU.Build.0 = Release|Any CPU
		{43375715-A607-4760-83F4-9BE3685E8852}.Debug|Any CPU.ActiveCfg = Debug|Any CPU
		{43375715-A607-4760-83F4-9BE3685E8852}.Debug|Any CPU.Build.0 = Debug|Any CPU
		{43375715-A607-4760-83F4-9BE3685E8852}.Release|Any CPU.ActiveCfg = Release|Any CPU
		{43375715-A607-4760-83F4-9BE3685E8852}.Release|Any CPU.Build.0 = Release|Any CPU
		{67ACFBBE-CE2C-4B4C-BD60-AA392DA7CBA5}.Debug|Any CPU.ActiveCfg = Debug|Any CPU
		{67ACFBBE-CE2C-4B4C-BD60-AA392DA7CBA5}.Debug|Any CPU.Build.0 = Debug|Any CPU
		{67ACFBBE-CE2C-4B4C-BD60-AA392DA7CBA5}.Release|Any CPU.ActiveCfg = Release|Any CPU
		{67ACFBBE-CE2C-4B4C-BD60-AA392DA7CBA5}.Release|Any CPU.Build.0 = Release|Any CPU
	EndGlobalSection
	GlobalSection(SolutionProperties) = preSolution
		HideSolutionNode = FALSE
	EndGlobalSection
	GlobalSection(ExtensibilityGlobals) = postSolution
		SolutionGuid = {AF4B077F-1E69-49B6-9BBF-85C1FDAFF77B}
	EndGlobalSection
EndGlobal
